
Microsoft Visual Studio Solution File, Format Version 12.00
# Visual Studio Version 17
VisualStudioVersion = 17.0.31903.59
MinimumVisualStudioVersion = 10.0.40219.1
Project("{FAE04EC0-301F-11D3-BF4B-00C04F79EFBC}") = "CloudeCustomers.API", "CloudeCustomers.API\CloudeCustomers.API.csproj", "{78C2701E-2CC8-4D43-B094-88513866B374}"
EndProject
Project("{FAE04EC0-301F-11D3-BF4B-00C04F79EFBC}") = "CloudeCustomers.UnitTests", "CloudeCustomers.UnitTests\CloudeCustomers.UnitTests.csproj", "{B7252980-D124-4FED-A569-25F3B856366F}"
EndProject
Global
	GlobalSection(SolutionConfigurationPlatforms) = preSolution
		Debug|Any CPU = Debug|Any CPU
		Release|Any CPU = Release|Any CPU
	EndGlobalSection
	GlobalSection(ProjectConfigurationPlatforms) = postSolution
		{78C2701E-2CC8-4D43-B094-88513866B374}.Debug|Any CPU.ActiveCfg = Debug|Any CPU
		{78C2701E-2CC8-4D43-B094-88513866B374}.Debug|Any CPU.Build.0 = Debug|Any CPU
		{78C2701E-2CC8-4D43-B094-88513866B374}.Release|Any CPU.ActiveCfg = Release|Any CPU
		{78C2701E-2CC8-4D43-B094-88513866B374}.Release|Any CPU.Build.0 = Release|Any CPU
		{B7252980-D124-4FED-A569-25F3B856366F}.Debug|Any CPU.ActiveCfg = Debug|Any CPU
		{B7252980-D124-4FED-A569-25F3B856366F}.Debug|Any CPU.Build.0 = Debug|Any CPU
		{B7252980-D124-4FED-A569-25F3B856366F}.Release|Any CPU.ActiveCfg = Release|Any CPU
		{B7252980-D124-4FED-A569-25F3B856366F}.Release|Any CPU.Build.0 = Release|Any CPU
	EndGlobalSection
	GlobalSection(SolutionProperties) = preSolution
		HideSolutionNode = FALSE
	EndGlobalSection
	GlobalSection(ExtensibilityGlobals) = postSolution
		SolutionGuid = {AE724984-1947-4216-8272-9C7144AEB950}
	EndGlobalSection
EndGlobal
